
Microsoft Visual Studio Solution File, Format Version 12.00
# Visual Studio Version 17
VisualStudioVersion = 17.2.32526.322
MinimumVisualStudioVersion = 10.0.40219.1
Project("{FAE04EC0-301F-11D3-BF4B-00C04F79EFBC}") = "ReizTech Assignment", "ReizTech Assignment\ReizTech Assignment.csproj", "{F59E7964-DEA3-4189-94B0-EF74ABCCF174}"
EndProject
Global
	GlobalSection(SolutionConfigurationPlatforms) = preSolution
		Debug|Any CPU = Debug|Any CPU
		Release|Any CPU = Release|Any CPU
	EndGlobalSection
	GlobalSection(ProjectConfigurationPlatforms) = postSolution
		{F59E7964-DEA3-4189-94B0-EF74ABCCF174}.Debug|Any CPU.ActiveCfg = Debug|Any CPU
		{F59E7964-DEA3-4189-94B0-EF74ABCCF174}.Debug|Any CPU.Build.0 = Debug|Any CPU
		{F59E7964-DEA3-4189-94B0-EF74ABCCF174}.Release|Any CPU.ActiveCfg = Release|Any CPU
		{F59E7964-DEA3-4189-94B0-EF74ABCCF174}.Release|Any CPU.Build.0 = Release|Any CPU
	EndGlobalSection
	GlobalSection(SolutionProperties) = preSolution
		HideSolutionNode = FALSE
	EndGlobalSection
	GlobalSection(ExtensibilityGlobals) = postSolution
		SolutionGuid = {FD4FFCD1-BE3D-442E-9868-4E8393092C0C}
	EndGlobalSection
EndGlobal
